
Microsoft Visual Studio Solution File, Format Version 12.00
# Visual Studio 14
VisualStudioVersion = 14.0.25123.0
MinimumVisualStudioVersion = 10.0.40219.1
Project("{8BC9CEB8-8B4A-11D0-8D11-00A0C91BC942}") = "String-Class", "String-Class\String-Class.vcxproj", "{44E7B272-A527-4D5B-A9AB-0AC9208FA6B6}"
EndProject
Project("{8BC9CEB8-8B4A-11D0-8D11-00A0C91BC942}") = "Project1", "Project1\Project1.vcxproj", "{851D8783-7BA2-4C1B-A979-E466E6B2D919}"
EndProject
Project("{8BC9CEB8-8B4A-11D0-8D11-00A0C91BC942}") = "Project2", "Project2\Project2.vcxproj", "{A9FEBF8B-305E-4EA5-95E0-BD055C183000}"
EndProject
Global
	GlobalSection(SolutionConfigurationPlatforms) = preSolution
		Debug|x64 = Debug|x64
		Debug|x86 = Debug|x86
		Release|x64 = Release|x64
		Release|x86 = Release|x86
	EndGlobalSection
	GlobalSection(ProjectConfigurationPlatforms) = postSolution
		{44E7B272-A527-4D5B-A9AB-0AC9208FA6B6}.Debug|x64.ActiveCfg = Debug|x64
		{44E7B272-A527-4D5B-A9AB-0AC9208FA6B6}.Debug|x64.Build.0 = Debug|x64
		{44E7B272-A527-4D5B-A9AB-0AC9208FA6B6}.Debug|x86.ActiveCfg = Debug|Win32
		{44E7B272-A527-4D5B-A9AB-0AC9208FA6B6}.Debug|x86.Build.0 = Debug|Win32
		{44E7B272-A527-4D5B-A9AB-0AC9208FA6B6}.Release|x64.ActiveCfg = Release|x64
		{44E7B272-A527-4D5B-A9AB-0AC9208FA6B6}.Release|x64.Build.0 = Release|x64
		{44E7B272-A527-4D5B-A9AB-0AC9208FA6B6}.Release|x86.ActiveCfg = Release|Win32
		{44E7B272-A527-4D5B-A9AB-0AC9208FA6B6}.Release|x86.Build.0 = Release|Win32
		{851D8783-7BA2-4C1B-A979-E466E6B2D919}.Debug|x64.ActiveCfg = Debug|x64
		{851D8783-7BA2-4C1B-A979-E466E6B2D919}.Debug|x64.Build.0 = Debug|x64
		{851D8783-7BA2-4C1B-A979-E466E6B2D919}.Debug|x86.ActiveCfg = Debug|Win32
		{851D8783-7BA2-4C1B-A979-E466E6B2D919}.Debug|x86.Build.0 = Debug|Win32
		{851D8783-7BA2-4C1B-A979-E466E6B2D919}.Release|x64.ActiveCfg = Release|x64
		{851D8783-7BA2-4C1B-A979-E466E6B2D919}.Release|x64.Build.0 = Release|x64
		{851D8783-7BA2-4C1B-A979-E466E6B2D919}.Release|x86.ActiveCfg = Release|Win32
		{851D8783-7BA2-4C1B-A979-E466E6B2D919}.Release|x86.Build.0 = Release|Win32
		{A9FEBF8B-305E-4EA5-95E0-BD055C183000}.Debug|x64.ActiveCfg = Debug|x64
		{A9FEBF8B-305E-4EA5-95E0-BD055C183000}.Debug|x64.Build.0 = Debug|x64
		{A9FEBF8B-305E-4EA5-95E0-BD055C183000}.Debug|x86.ActiveCfg = Debug|Win32
		{A9FEBF8B-305E-4EA5-95E0-BD055C183000}.Debug|x86.Build.0 = Debug|Win32
		{A9FEBF8B-305E-4EA5-95E0-BD055C183000}.Release|x64.ActiveCfg = Release|x64
		{A9FEBF8B-305E-4EA5-95E0-BD055C183000}.Release|x64.Build.0 = Release|x64
		{A9FEBF8B-305E-4EA5-95E0-BD055C183000}.Release|x86.ActiveCfg = Release|Win32
		{A9FEBF8B-305E-4EA5-95E0-BD055C183000}.Release|x86.Build.0 = Release|Win32
	EndGlobalSection
	GlobalSection(SolutionProperties) = preSolution
		HideSolutionNode = FALSE
	EndGlobalSection
EndGlobal
